
Microsoft Visual Studio Solution File, Format Version 12.00
# Visual Studio Version 16
VisualStudioVersion = 16.0.31727.386
MinimumVisualStudioVersion = 10.0.40219.1
Project("{FAE04EC0-301F-11D3-BF4B-00C04F79EFBC}") = "DZ7", "DZ7\DZ7.csproj", "{4ACA627C-F745-4196-95C1-B409F3FD7AE1}"
EndProject
Global
	GlobalSection(SolutionConfigurationPlatforms) = preSolution
		Debug|Any CPU = Debug|Any CPU
		Release|Any CPU = Release|Any CPU
	EndGlobalSection
	GlobalSection(ProjectConfigurationPlatforms) = postSolution
		{4ACA627C-F745-4196-95C1-B409F3FD7AE1}.Debug|Any CPU.ActiveCfg = Debug|Any CPU
		{4ACA627C-F745-4196-95C1-B409F3FD7AE1}.Debug|Any CPU.Build.0 = Debug|Any CPU
		{4ACA627C-F745-4196-95C1-B409F3FD7AE1}.Release|Any CPU.ActiveCfg = Release|Any CPU
		{4ACA627C-F745-4196-95C1-B409F3FD7AE1}.Release|Any CPU.Build.0 = Release|Any CPU
	EndGlobalSection
	GlobalSection(SolutionProperties) = preSolution
		HideSolutionNode = FALSE
	EndGlobalSection
	GlobalSection(ExtensibilityGlobals) = postSolution
		SolutionGuid = {CB8BFF2E-9DD4-49AF-96EC-6E2A2028B20E}
	EndGlobalSection
EndGlobal
